
Microsoft Visual Studio Solution File, Format Version 12.00
# Visual Studio Version 17
VisualStudioVersion = 17.8.34525.116
MinimumVisualStudioVersion = 10.0.40219.1
Project("{FAE04EC0-301F-11D3-BF4B-00C04F79EFBC}") = "ApiIntegration", "WebApplication1\ApiIntegration.csproj", "{EA80641B-36C9-4C35-B0F7-4FC81342435D}"
EndProject
Global
	GlobalSection(SolutionConfigurationPlatforms) = preSolution
		Debug|Any CPU = Debug|Any CPU
		Release|Any CPU = Release|Any CPU
	EndGlobalSection
	GlobalSection(ProjectConfigurationPlatforms) = postSolution
		{EA80641B-36C9-4C35-B0F7-4FC81342435D}.Debug|Any CPU.ActiveCfg = Debug|Any CPU
		{EA80641B-36C9-4C35-B0F7-4FC81342435D}.Debug|Any CPU.Build.0 = Debug|Any CPU
		{EA80641B-36C9-4C35-B0F7-4FC81342435D}.Release|Any CPU.ActiveCfg = Release|Any CPU
		{EA80641B-36C9-4C35-B0F7-4FC81342435D}.Release|Any CPU.Build.0 = Release|Any CPU
	EndGlobalSection
	GlobalSection(SolutionProperties) = preSolution
		HideSolutionNode = FALSE
	EndGlobalSection
	GlobalSection(ExtensibilityGlobals) = postSolution
		SolutionGuid = {1F3EC2A2-9C00-4563-A123-5DC0D5BB42C9}
	EndGlobalSection
EndGlobal
